// !$*UTF8*$!
{
	archiveVersion = 1;
	classes = {
	};
	objectVersion = 56;
	objects = {

/* Begin PBXBuildFile section */
		EB4C7F4D2DE19A7600A1FFB2 /* SettingsView.swift in Sources */ = {isa = PBXBuildFile; fileRef = EB4C7F4C2DE19A7000A1FFB2 /* SettingsView.swift */; };
		EB4C7F4F2DE19A9800A1FFB2 /* CommanderDamageButtonStyle.swift in Sources */ = {isa = PBXBuildFile; fileRef = EB4C7F4E2DE19A9700A1FFB2 /* CommanderDamageButtonStyle.swift */; };
		EB4C7F512DE19AC000A1FFB2 /* CommanderDamageView.swift in Sources */ = {isa = PBXBuildFile; fileRef = EB4C7F502DE19ABC00A1FFB2 /* CommanderDamageView.swift */; };
		EB4C7F532DE19AF600A1FFB2 /* LifeButton.swift in Sources */ = {isa = PBXBuildFile; fileRef = EB4C7F522DE19AF300A1FFB2 /* LifeButton.swift */; };
		EB4C7F552DE19B2B00A1FFB2 /* PlayerView.swift in Sources */ = {isa = PBXBuildFile; fileRef = EB4C7F542DE19B2B00A1FFB2 /* PlayerView.swift */; };
		EBBA36F42BFAAE510018B9A5 /* CmmdrBttryApp.swift in Sources */ = {isa = PBXBuildFile; fileRef = EBBA36F32BFAAE510018B9A5 /* CmmdrBttryApp.swift */; };
		EBBA36F62BFAAE510018B9A5 /* ContentView.swift in Sources */ = {isa = PBXBuildFile; fileRef = EBBA36F52BFAAE510018B9A5 /* ContentView.swift */; };
		EBBA36FA2BFAAE520018B9A5 /* Assets.xcassets in Resources */ = {isa = PBXBuildFile; fileRef = EBBA36F92BFAAE520018B9A5 /* Assets.xcassets */; };
		EBBA36FD2BFAAE520018B9A5 /* Preview Assets.xcassets in Resources */ = {isa = PBXBuildFile; fileRef = EBBA36FC2BFAAE520018B9A5 /* Preview Assets.xcassets */; };
		EBBA37072BFAAE520018B9A5 /* CmmdrBttryTests.swift in Sources */ = {isa = PBXBuildFile; fileRef = EBBA37062BFAAE520018B9A5 /* CmmdrBttryTests.swift */; };
		EBBA37112BFAAE520018B9A5 /* CmmdrBttryUITests.swift in Sources */ = {isa = PBXBuildFile; fileRef = EBBA37102BFAAE520018B9A5 /* CmmdrBttryUITests.swift */; };
		EBBA37132BFAAE520018B9A5 /* CmmdrBttryUITestsLaunchTests.swift in Sources */ = {isa = PBXBuildFile; fileRef = EBBA37122BFAAE520018B9A5 /* CmmdrBttryUITestsLaunchTests.swift */; };
		EBCDDF5E2C01CE4100B3360E /* Player.swift in Sources */ = {isa = PBXBuildFile; fileRef = EBCDDF5D2C01CE4100B3360E /* Player.swift */; };
/* End PBXBuildFile section */

/* Begin PBXContainerItemProxy section */
		EBBA37032BFAAE520018B9A5 /* PBXContainerItemProxy */ = {
			isa = PBXContainerItemProxy;
			containerPortal = EBBA36E82BFAAE510018B9A5 /* Project object */;
			proxyType = 1;
			remoteGlobalIDString = EBBA36EF2BFAAE510018B9A5;
			remoteInfo = CmmdrBttry;
		};
		EBBA370D2BFAAE520018B9A5 /* PBXContainerItemProxy */ = {
			isa = PBXContainerItemProxy;
			containerPortal = EBBA36E82BFAAE510018B9A5 /* Project object */;
			proxyType = 1;
			remoteGlobalIDString = EBBA36EF2BFAAE510018B9A5;
			remoteInfo = CmmdrBttry;
		};
/* End PBXContainerItemProxy section */

/* Begin PBXFileReference section */
		EB4C7F4C2DE19A7000A1FFB2 /* SettingsView.swift */ = {isa = PBXFileReference; lastKnownFileType = sourcecode.swift; path = SettingsView.swift; sourceTree = "<group>"; };
		EB4C7F4E2DE19A9700A1FFB2 /* CommanderDamageButtonStyle.swift */ = {isa = PBXFileReference; lastKnownFileType = sourcecode.swift; path = CommanderDamageButtonStyle.swift; sourceTree = "<group>"; };
		EB4C7F502DE19ABC00A1FFB2 /* CommanderDamageView.swift */ = {isa = PBXFileReference; lastKnownFileType = sourcecode.swift; path = CommanderDamageView.swift; sourceTree = "<group>"; };
		EB4C7F522DE19AF300A1FFB2 /* LifeButton.swift */ = {isa = PBXFileReference; lastKnownFileType = sourcecode.swift; path = LifeButton.swift; sourceTree = "<group>"; };
		EB4C7F542DE19B2B00A1FFB2 /* PlayerView.swift */ = {isa = PBXFileReference; lastKnownFileType = sourcecode.swift; path = PlayerView.swift; sourceTree = "<group>"; };
		EBBA36F02BFAAE510018B9A5 /* CmmdrBttry.app */ = {isa = PBXFileReference; explicitFileType = wrapper.application; includeInIndex = 0; path = CmmdrBttry.app; sourceTree = BUILT_PRODUCTS_DIR; };
		EBBA36F32BFAAE510018B9A5 /* CmmdrBttryApp.swift */ = {isa = PBXFileReference; lastKnownFileType = sourcecode.swift; path = CmmdrBttryApp.swift; sourceTree = "<group>"; };
		EBBA36F52BFAAE510018B9A5 /* ContentView.swift */ = {isa = PBXFileReference; lastKnownFileType = sourcecode.swift; path = ContentView.swift; sourceTree = "<group>"; };
		EBBA36F92BFAAE520018B9A5 /* Assets.xcassets */ = {isa = PBXFileReference; lastKnownFileType = folder.assetcatalog; path = Assets.xcassets; sourceTree = "<group>"; };
		EBBA36FC2BFAAE520018B9A5 /* Preview Assets.xcassets */ = {isa = PBXFileReference; lastKnownFileType = folder.assetcatalog; path = "Preview Assets.xcassets"; sourceTree = "<group>"; };
		EBBA37022BFAAE520018B9A5 /* CmmdrBttryTests.xctest */ = {isa = PBXFileReference; explicitFileType = wrapper.cfbundle; includeInIndex = 0; path = CmmdrBttryTests.xctest; sourceTree = BUILT_PRODUCTS_DIR; };
		EBBA37062BFAAE520018B9A5 /* CmmdrBttryTests.swift */ = {isa = PBXFileReference; lastKnownFileType = sourcecode.swift; path = CmmdrBttryTests.swift; sourceTree = "<group>"; };
		EBBA370C2BFAAE520018B9A5 /* CmmdrBttryUITests.xctest */ = {isa = PBXFileReference; explicitFileType = wrapper.cfbundle; includeInIndex = 0; path = CmmdrBttryUITests.xctest; sourceTree = BUILT_PRODUCTS_DIR; };
		EBBA37102BFAAE520018B9A5 /* CmmdrBttryUITests.swift */ = {isa = PBXFileReference; lastKnownFileType = sourcecode.swift; path = CmmdrBttryUITests.swift; sourceTree = "<group>"; };
		EBBA37122BFAAE520018B9A5 /* CmmdrBttryUITestsLaunchTests.swift */ = {isa = PBXFileReference; lastKnownFileType = sourcecode.swift; path = CmmdrBttryUITestsLaunchTests.swift; sourceTree = "<group>"; };
		EBCDDF5D2C01CE4100B3360E /* Player.swift */ = {isa = PBXFileReference; lastKnownFileType = sourcecode.swift; path = Player.swift; sourceTree = "<group>"; };
/* End PBXFileReference section */

/* Begin PBXFrameworksBuildPhase section */
		EBBA36ED2BFAAE510018B9A5 /* Frameworks */ = {
			isa = PBXFrameworksBuildPhase;
			buildActionMask = 2147483647;
			files = (
			);
			runOnlyForDeploymentPostprocessing = 0;
		};
		EBBA36FF2BFAAE520018B9A5 /* Frameworks */ = {
			isa = PBXFrameworksBuildPhase;
			buildActionMask = 2147483647;
			files = (
			);
			runOnlyForDeploymentPostprocessing = 0;
		};
		EBBA37092BFAAE520018B9A5 /* Frameworks */ = {
			isa = PBXFrameworksBuildPhase;
			buildActionMask = 2147483647;
			files = (
			);
			runOnlyForDeploymentPostprocessing = 0;
		};
/* End PBXFrameworksBuildPhase section */

/* Begin PBXGroup section */
		EBBA36E72BFAAE510018B9A5 = {
			isa = PBXGroup;
			children = (
				EBBA36F22BFAAE510018B9A5 /* CmmdrBttry */,
				EBBA37052BFAAE520018B9A5 /* CmmdrBttryTests */,
				EBBA370F2BFAAE520018B9A5 /* CmmdrBttryUITests */,
				EBBA36F12BFAAE510018B9A5 /* Products */,
			);
			sourceTree = "<group>";
		};
		EBBA36F12BFAAE510018B9A5 /* Products */ = {
			isa = PBXGroup;
			children = (
				EBBA36F02BFAAE510018B9A5 /* CmmdrBttry.app */,
				EBBA37022BFAAE520018B9A5 /* CmmdrBttryTests.xctest */,
				EBBA370C2BFAAE520018B9A5 /* CmmdrBttryUITests.xctest */,
			);
			name = Products;
			sourceTree = "<group>";
		};
		EBBA36F22BFAAE510018B9A5 /* CmmdrBttry */ = {
			isa = PBXGroup;
			children = (
				EBBA36F32BFAAE510018B9A5 /* CmmdrBttryApp.swift */,
				EBBA36F52BFAAE510018B9A5 /* ContentView.swift */,
				EB4C7F542DE19B2B00A1FFB2 /* PlayerView.swift */,
				EB4C7F522DE19AF300A1FFB2 /* LifeButton.swift */,
				EB4C7F502DE19ABC00A1FFB2 /* CommanderDamageView.swift */,
				EB4C7F4E2DE19A9700A1FFB2 /* CommanderDamageButtonStyle.swift */,
				EB4C7F4C2DE19A7000A1FFB2 /* SettingsView.swift */,
				EBCDDF5D2C01CE4100B3360E /* Player.swift */,
				EBBA36F92BFAAE520018B9A5 /* Assets.xcassets */,
				EBBA36FB2BFAAE520018B9A5 /* Preview Content */,
			);
			path = CmmdrBttry;
			sourceTree = "<group>";
		};
		EBBA36FB2BFAAE520018B9A5 /* Preview Content */ = {
			isa = PBXGroup;
			children = (
				EBBA36FC2BFAAE520018B9A5 /* Preview Assets.xcassets */,
			);
			path = "Preview Content";
			sourceTree = "<group>";
		};
		EBBA37052BFAAE520018B9A5 /* CmmdrBttryTests */ = {
			isa = PBXGroup;
			children = (
				EBBA37062BFAAE520018B9A5 /* CmmdrBttryTests.swift */,
			);
			path = CmmdrBttryTests;
			sourceTree = "<group>";
		};
		EBBA370F2BFAAE520018B9A5 /* CmmdrBttryUITests */ = {
			isa = PBXGroup;
			children = (
				EBBA37102BFAAE520018B9A5 /* CmmdrBttryUITests.swift */,
				EBBA37122BFAAE520018B9A5 /* CmmdrBttryUITestsLaunchTests.swift */,
			);
			path = CmmdrBttryUITests;
			sourceTree = "<group>";
		};
/* End PBXGroup section */

/* Begin PBXNativeTarget section */
		EBBA36EF2BFAAE510018B9A5 /* CmmdrBttry */ = {
			isa = PBXNativeTarget;
			buildConfigurationList = EBBA37162BFAAE520018B9A5 /* Build configuration list for PBXNativeTarget "CmmdrBttry" */;
			buildPhases = (
				EBBA36EC2BFAAE510018B9A5 /* Sources */,
				EBBA36ED2BFAAE510018B9A5 /* Frameworks */,
				EBBA36EE2BFAAE510018B9A5 /* Resources */,
			);
			buildRules = (
			);
			dependencies = (
			);
			name = CmmdrBttry;
			productName = CmmdrBttry;
			productReference = EBBA36F02BFAAE510018B9A5 /* CmmdrBttry.app */;
			productType = "com.apple.product-type.application";
		};
		EBBA37012BFAAE520018B9A5 /* CmmdrBttryTests */ = {
			isa = PBXNativeTarget;
			buildConfigurationList = EBBA37192BFAAE520018B9A5 /* Build configuration list for PBXNativeTarget "CmmdrBttryTests" */;
			buildPhases = (
				EBBA36FE2BFAAE520018B9A5 /* Sources */,
				EBBA36FF2BFAAE520018B9A5 /* Frameworks */,
				EBBA37002BFAAE520018B9A5 /* Resources */,
			);
			buildRules = (
			);
			dependencies = (
				EBBA37042BFAAE520018B9A5 /* PBXTargetDependency */,
			);
			name = CmmdrBttryTests;
			productName = CmmdrBttryTests;
			productReference = EBBA37022BFAAE520018B9A5 /* CmmdrBttryTests.xctest */;
			productType = "com.apple.product-type.bundle.unit-test";
		};
		EBBA370B2BFAAE520018B9A5 /* CmmdrBttryUITests */ = {
			isa = PBXNativeTarget;
			buildConfigurationList = EBBA371C2BFAAE520018B9A5 /* Build configuration list for PBXNativeTarget "CmmdrBttryUITests" */;
			buildPhases = (
				EBBA37082BFAAE520018B9A5 /* Sources */,
				EBBA37092BFAAE520018B9A5 /* Frameworks */,
				EBBA370A2BFAAE520018B9A5 /* Resources */,
			);
			buildRules = (
			);
			dependencies = (
				EBBA370E2BFAAE520018B9A5 /* PBXTargetDependency */,
			);
			name = CmmdrBttryUITests;
			productName = CmmdrBttryUITests;
			productReference = EBBA370C2BFAAE520018B9A5 /* CmmdrBttryUITests.xctest */;
			productType = "com.apple.product-type.bundle.ui-testing";
		};
/* End PBXNativeTarget section */

/* Begin PBXProject section */
		EBBA36E82BFAAE510018B9A5 /* Project object */ = {
			isa = PBXProject;
			attributes = {
				BuildIndependentTargetsInParallel = 1;
				LastSwiftUpdateCheck = 1540;
				LastUpgradeCheck = 1540;
				TargetAttributes = {
					EBBA36EF2BFAAE510018B9A5 = {
						CreatedOnToolsVersion = 15.4;
					};
					EBBA37012BFAAE520018B9A5 = {
						CreatedOnToolsVersion = 15.4;
						TestTargetID = EBBA36EF2BFAAE510018B9A5;
					};
					EBBA370B2BFAAE520018B9A5 = {
						CreatedOnToolsVersion = 15.4;
						TestTargetID = EBBA36EF2BFAAE510018B9A5;
					};
				};
			};
			buildConfigurationList = EBBA36EB2BFAAE510018B9A5 /* Build configuration list for PBXProject "CmmdrBttry" */;
			compatibilityVersion = "Xcode 14.0";
			developmentRegion = en;
			hasScannedForEncodings = 0;
			knownRegions = (
				en,
				Base,
			);
			mainGroup = EBBA36E72BFAAE510018B9A5;
			productRefGroup = EBBA36F12BFAAE510018B9A5 /* Products */;
			projectDirPath = "";
			projectRoot = "";
			targets = (
				EBBA36EF2BFAAE510018B9A5 /* CmmdrBttry */,
				EBBA37012BFAAE520018B9A5 /* CmmdrBttryTests */,
				EBBA370B2BFAAE520018B9A5 /* CmmdrBttryUITests */,
			);
		};
/* End PBXProject section */

/* Begin PBXResourcesBuildPhase section */
		EBBA36EE2BFAAE510018B9A5 /* Resources */ = {
			isa = PBXResourcesBuildPhase;
			buildActionMask = 2147483647;
			files = (
				EBBA36FD2BFAAE520018B9A5 /* Preview Assets.xcassets in Resources */,
				EBBA36FA2BFAAE520018B9A5 /* Assets.xcassets in Resources */,
			);
			runOnlyForDeploymentPostprocessing = 0;
		};
		EBBA37002BFAAE520018B9A5 /* Resources */ = {
			isa = PBXResourcesBuildPhase;
			buildActionMask = 2147483647;
			files = (
			);
			runOnlyForDeploymentPostprocessing = 0;
		};
		EBBA370A2BFAAE520018B9A5 /* Resources */ = {
			isa = PBXResourcesBuildPhase;
			buildActionMask = 2147483647;
			files = (
			);
			runOnlyForDeploymentPostprocessing = 0;
		};
/* End PBXResourcesBuildPhase section */

/* Begin PBXSourcesBuildPhase section */
		EBBA36EC2BFAAE510018B9A5 /* Sources */ = {
			isa = PBXSourcesBuildPhase;
			buildActionMask = 2147483647;
			files = (
				EB4C7F4D2DE19A7600A1FFB2 /* SettingsView.swift in Sources */,
				EB4C7F512DE19AC000A1FFB2 /* CommanderDamageView.swift in Sources */,
				EB4C7F552DE19B2B00A1FFB2 /* PlayerView.swift in Sources */,
				EB4C7F4F2DE19A9800A1FFB2 /* CommanderDamageButtonStyle.swift in Sources */,
				EBBA36F62BFAAE510018B9A5 /* ContentView.swift in Sources */,
				EBCDDF5E2C01CE4100B3360E /* Player.swift in Sources */,
				EBBA36F42BFAAE510018B9A5 /* CmmdrBttryApp.swift in Sources */,
				EB4C7F532DE19AF600A1FFB2 /* LifeButton.swift in Sources */,
			);
			runOnlyForDeploymentPostprocessing = 0;
		};
		EBBA36FE2BFAAE520018B9A5 /* Sources */ = {
			isa = PBXSourcesBuildPhase;
			buildActionMask = 2147483647;
			files = (
				EBBA37072BFAAE520018B9A5 /* CmmdrBttryTests.swift in Sources */,
			);
			runOnlyForDeploymentPostprocessing = 0;
		};
		EBBA37082BFAAE520018B9A5 /* Sources */ = {
			isa = PBXSourcesBuildPhase;
			buildActionMask = 2147483647;
			files = (
				EBBA37132BFAAE520018B9A5 /* CmmdrBttryUITestsLaunchTests.swift in Sources */,
				EBBA37112BFAAE520018B9A5 /* CmmdrBttryUITests.swift in Sources */,
			);
			runOnlyForDeploymentPostprocessing = 0;
		};
/* End PBXSourcesBuildPhase section */

/* Begin PBXTargetDependency section */
		EBBA37042BFAAE520018B9A5 /* PBXTargetDependency */ = {
			isa = PBXTargetDependency;
			target = EBBA36EF2BFAAE510018B9A5 /* CmmdrBttry */;
			targetProxy = EBBA37032BFAAE520018B9A5 /* PBXContainerItemProxy */;
		};
		EBBA370E2BFAAE520018B9A5 /* PBXTargetDependency */ = {
			isa = PBXTargetDependency;
			target = EBBA36EF2BFAAE510018B9A5 /* CmmdrBttry */;
			targetProxy = EBBA370D2BFAAE520018B9A5 /* PBXContainerItemProxy */;
		};
/* End PBXTargetDependency section */

/* Begin XCBuildConfiguration section */
		EBBA37142BFAAE520018B9A5 /* Debug */ = {
			isa = XCBuildConfiguration;
			buildSettings = {
				ALWAYS_SEARCH_USER_PATHS = NO;
				ASSETCATALOG_COMPILER_GENERATE_SWIFT_ASSET_SYMBOL_EXTENSIONS = YES;
				CLANG_ANALYZER_NONNULL = YES;
				CLANG_ANALYZER_NUMBER_OBJECT_CONVERSION = YES_AGGRESSIVE;
				CLANG_CXX_LANGUAGE_STANDARD = "gnu++20";
				CLANG_ENABLE_MODULES = YES;
				CLANG_ENABLE_OBJC_ARC = YES;
				CLANG_ENABLE_OBJC_WEAK = YES;
				CLANG_WARN_BLOCK_CAPTURE_AUTORELEASING = YES;
				CLANG_WARN_BOOL_CONVERSION = YES;
				CLANG_WARN_COMMA = YES;
				CLANG_WARN_CONSTANT_CONVERSION = YES;
				CLANG_WARN_DEPRECATED_OBJC_IMPLEMENTATIONS = YES;
				CLANG_WARN_DIRECT_OBJC_ISA_USAGE = YES_ERROR;
				CLANG_WARN_DOCUMENTATION_COMMENTS = YES;
				CLANG_WARN_EMPTY_BODY = YES;
				CLANG_WARN_ENUM_CONVERSION = YES;
				CLANG_WARN_INFINITE_RECURSION = YES;
				CLANG_WARN_INT_CONVERSION = YES;
				CLANG_WARN_NON_LITERAL_NULL_CONVERSION = YES;
				CLANG_WARN_OBJC_IMPLICIT_RETAIN_SELF = YES;
				CLANG_WARN_OBJC_LITERAL_CONVERSION = YES;
				CLANG_WARN_OBJC_ROOT_CLASS = YES_ERROR;
				CLANG_WARN_QUOTED_INCLUDE_IN_FRAMEWORK_HEADER = YES;
				CLANG_WARN_RANGE_LOOP_ANALYSIS = YES;
				CLANG_WARN_STRICT_PROTOTYPES = YES;
				CLANG_WARN_SUSPICIOUS_MOVE = YES;
				CLANG_WARN_UNGUARDED_AVAILABILITY = YES_AGGRESSIVE;
				CLANG_WARN_UNREACHABLE_CODE = YES;
				CLANG_WARN__DUPLICATE_METHOD_MATCH = YES;
				COPY_PHASE_STRIP = NO;
				DEBUG_INFORMATION_FORMAT = dwarf;
				ENABLE_STRICT_OBJC_MSGSEND = YES;
				ENABLE_TESTABILITY = YES;
				ENABLE_USER_SCRIPT_SANDBOXING = YES;
				GCC_C_LANGUAGE_STANDARD = gnu17;
				GCC_DYNAMIC_NO_PIC = NO;
				GCC_NO_COMMON_BLOCKS = YES;
				GCC_OPTIMIZATION_LEVEL = 0;
				GCC_PREPROCESSOR_DEFINITIONS = (
					"DEBUG=1",
					"$(inherited)",
				);
				GCC_WARN_64_TO_32_BIT_CONVERSION = YES;
				GCC_WARN_ABOUT_RETURN_TYPE = YES_ERROR;
				GCC_WARN_UNDECLARED_SELECTOR = YES;
				GCC_WARN_UNINITIALIZED_AUTOS = YES_AGGRESSIVE;
				GCC_WARN_UNUSED_FUNCTION = YES;
				GCC_WARN_UNUSED_VARIABLE = YES;
				IPHONEOS_DEPLOYMENT_TARGET = 17.5;
				LOCALIZATION_PREFERS_STRING_CATALOGS = YES;
				MTL_ENABLE_DEBUG_INFO = INCLUDE_SOURCE;
				MTL_FAST_MATH = YES;
				ONLY_ACTIVE_ARCH = YES;
				SDKROOT = iphoneos;
				SWIFT_ACTIVE_COMPILATION_CONDITIONS = "DEBUG $(inherited)";
				SWIFT_OPTIMIZATION_LEVEL = "-Onone";
			};
			name = Debug;
		};
		EBBA37152BFAAE520018B9A5 /* Release */ = {
			isa = XCBuildConfiguration;
			buildSettings = {
				ALWAYS_SEARCH_USER_PATHS = NO;
				ASSETCATALOG_COMPILER_GENERATE_SWIFT_ASSET_SYMBOL_EXTENSIONS = YES;
				CLANG_ANALYZER_NONNULL = YES;
				CLANG_ANALYZER_NUMBER_OBJECT_CONVERSION = YES_AGGRESSIVE;
				CLANG_CXX_LANGUAGE_STANDARD = "gnu++20";
				CLANG_ENABLE_MODULES = YES;
				CLANG_ENABLE_OBJC_ARC = YES;
				CLANG_ENABLE_OBJC_WEAK = YES;
				CLANG_WARN_BLOCK_CAPTURE_AUTORELEASING = YES;
				CLANG_WARN_BOOL_CONVERSION = YES;
				CLANG_WARN_COMMA = YES;
				CLANG_WARN_CONSTANT_CONVERSION = YES;
				CLANG_WARN_DEPRECATED_OBJC_IMPLEMENTATIONS = YES;
				CLANG_WARN_DIRECT_OBJC_ISA_USAGE = YES_ERROR;
				CLANG_WARN_DOCUMENTATION_COMMENTS = YES;
				CLANG_WARN_EMPTY_BODY = YES;
				CLANG_WARN_ENUM_CONVERSION = YES;
				CLANG_WARN_INFINITE_RECURSION = YES;
				CLANG_WARN_INT_CONVERSION = YES;
				CLANG_WARN_NON_LITERAL_NULL_CONVERSION = YES;
				CLANG_WARN_OBJC_IMPLICIT_RETAIN_SELF = YES;
				CLANG_WARN_OBJC_LITERAL_CONVERSION = YES;
				CLANG_WARN_OBJC_ROOT_CLASS = YES_ERROR;
				CLANG_WARN_QUOTED_INCLUDE_IN_FRAMEWORK_HEADER = YES;
				CLANG_WARN_RANGE_LOOP_ANALYSIS = YES;
				CLANG_WARN_STRICT_PROTOTYPES = YES;
				CLANG_WARN_SUSPICIOUS_MOVE = YES;
				CLANG_WARN_UNGUARDED_AVAILABILITY = YES_AGGRESSIVE;
				CLANG_WARN_UNREACHABLE_CODE = YES;
				CLANG_WARN__DUPLICATE_METHOD_MATCH = YES;
				COPY_PHASE_STRIP = NO;
				DEBUG_INFORMATION_FORMAT = "dwarf-with-dsym";
				ENABLE_NS_ASSERTIONS = NO;
				ENABLE_STRICT_OBJC_MSGSEND = YES;
				ENABLE_USER_SCRIPT_SANDBOXING = YES;
				GCC_C_LANGUAGE_STANDARD = gnu17;
				GCC_NO_COMMON_BLOCKS = YES;
				GCC_WARN_64_TO_32_BIT_CONVERSION = YES;
				GCC_WARN_ABOUT_RETURN_TYPE = YES_ERROR;
				GCC_WARN_UNDECLARED_SELECTOR = YES;
				GCC_WARN_UNINITIALIZED_AUTOS = YES_AGGRESSIVE;
				GCC_WARN_UNUSED_FUNCTION = YES;
				GCC_WARN_UNUSED_VARIABLE = YES;
				IPHONEOS_DEPLOYMENT_TARGET = 17.5;
				LOCALIZATION_PREFERS_STRING_CATALOGS = YES;
				MTL_ENABLE_DEBUG_INFO = NO;
				MTL_FAST_MATH = YES;
				SDKROOT = iphoneos;
				SWIFT_COMPILATION_MODE = wholemodule;
				VALIDATE_PRODUCT = YES;
			};
			name = Release;
		};
		EBBA37172BFAAE520018B9A5 /* Debug */ = {
			isa = XCBuildConfiguration;
			buildSettings = {
				ASSETCATALOG_COMPILER_APPICON_NAME = AppIcon;
				ASSETCATALOG_COMPILER_GLOBAL_ACCENT_COLOR_NAME = AccentColor;
				CODE_SIGN_STYLE = Automatic;
				CURRENT_PROJECT_VERSION = 1;
				DEVELOPMENT_ASSET_PATHS = "\"CmmdrBttry/Preview Content\"";
				DEVELOPMENT_TEAM = E7DB2AD65D;
				ENABLE_PREVIEWS = YES;
				GENERATE_INFOPLIST_FILE = YES;
				INFOPLIST_KEY_UIApplicationSceneManifest_Generation = YES;
				INFOPLIST_KEY_UIApplicationSupportsIndirectInputEvents = YES;
				INFOPLIST_KEY_UILaunchScreen_Generation = YES;
				INFOPLIST_KEY_UIStatusBarStyle = "";
				INFOPLIST_KEY_UISupportedInterfaceOrientations = UIInterfaceOrientationLandscapeRight;
				LD_RUNPATH_SEARCH_PATHS = (
					"$(inherited)",
					"@executable_path/Frameworks",
				);
				MARKETING_VERSION = 1.0;
				PRODUCT_BUNDLE_IDENTIFIER = jsphglmr.CmmdrBttry;
				PRODUCT_NAME = "$(TARGET_NAME)";
				SWIFT_EMIT_LOC_STRINGS = YES;
				SWIFT_VERSION = 5.0;
				TARGETED_DEVICE_FAMILY = "1,2";
			};
			name = Debug;
		};
		EBBA37182BFAAE520018B9A5 /* Release */ = {
			isa = XCBuildConfiguration;
			buildSettings = {
				ASSETCATALOG_COMPILER_APPICON_NAME = AppIcon;
				ASSETCATALOG_COMPILER_GLOBAL_ACCENT_COLOR_NAME = AccentColor;
				CODE_SIGN_STYLE = Automatic;
				CURRENT_PROJECT_VERSION = 1;
				DEVELOPMENT_ASSET_PATHS = "\"CmmdrBttry/Preview Content\"";
				DEVELOPMENT_TEAM = E7DB2AD65D;
				ENABLE_PREVIEWS = YES;
				GENERATE_INFOPLIST_FILE = YES;
				INFOPLIST_KEY_UIApplicationSceneManifest_Generation = YES;
				INFOPLIST_KEY_UIApplicationSupportsIndirectInputEvents = YES;
				INFOPLIST_KEY_UILaunchScreen_Generation = YES;
				INFOPLIST_KEY_UIStatusBarStyle = "";
				INFOPLIST_KEY_UISupportedInterfaceOrientations = UIInterfaceOrientationLandscapeRight;
				LD_RUNPATH_SEARCH_PATHS = (
					"$(inherited)",
					"@executable_path/Frameworks",
				);
				MARKETING_VERSION = 1.0;
				PRODUCT_BUNDLE_IDENTIFIER = jsphglmr.CmmdrBttry;
				PRODUCT_NAME = "$(TARGET_NAME)";
				SWIFT_EMIT_LOC_STRINGS = YES;
				SWIFT_VERSION = 5.0;
				TARGETED_DEVICE_FAMILY = "1,2";
			};
			name = Release;
		};
		EBBA371A2BFAAE520018B9A5 /* Debug */ = {
			isa = XCBuildConfiguration;
			buildSettings = {
				ALWAYS_EMBED_SWIFT_STANDARD_LIBRARIES = YES;
				BUNDLE_LOADER = "$(TEST_HOST)";
				CODE_SIGN_STYLE = Automatic;
				CURRENT_PROJECT_VERSION = 1;
				DEVELOPMENT_TEAM = E7DB2AD65D;
				GENERATE_INFOPLIST_FILE = YES;
				IPHONEOS_DEPLOYMENT_TARGET = 17.5;
				MARKETING_VERSION = 1.0;
				PRODUCT_BUNDLE_IDENTIFIER = jsphglmr.CmmdrBttryTests;
				PRODUCT_NAME = "$(TARGET_NAME)";
				SWIFT_EMIT_LOC_STRINGS = NO;
				SWIFT_VERSION = 5.0;
				TARGETED_DEVICE_FAMILY = "1,2";
				TEST_HOST = "$(BUILT_PRODUCTS_DIR)/CmmdrBttry.app/$(BUNDLE_EXECUTABLE_FOLDER_PATH)/CmmdrBttry";
			};
			name = Debug;
		};
		EBBA371B2BFAAE520018B9A5 /* Release */ = {
			isa = XCBuildConfiguration;
			buildSettings = {
				ALWAYS_EMBED_SWIFT_STANDARD_LIBRARIES = YES;
				BUNDLE_LOADER = "$(TEST_HOST)";
				CODE_SIGN_STYLE = Automatic;
				CURRENT_PROJECT_VERSION = 1;
				DEVELOPMENT_TEAM = E7DB2AD65D;
				GENERATE_INFOPLIST_FILE = YES;
				IPHONEOS_DEPLOYMENT_TARGET = 17.5;
				MARKETING_VERSION = 1.0;
				PRODUCT_BUNDLE_IDENTIFIER = jsphglmr.CmmdrBttryTests;
				PRODUCT_NAME = "$(TARGET_NAME)";
				SWIFT_EMIT_LOC_STRINGS = NO;
				SWIFT_VERSION = 5.0;
				TARGETED_DEVICE_FAMILY = "1,2";
				TEST_HOST = "$(BUILT_PRODUCTS_DIR)/CmmdrBttry.app/$(BUNDLE_EXECUTABLE_FOLDER_PATH)/CmmdrBttry";
			};
			name = Release;
		};
		EBBA371D2BFAAE520018B9A5 /* Debug */ = {
			isa = XCBuildConfiguration;
			buildSettings = {
				ALWAYS_EMBED_SWIFT_STANDARD_LIBRARIES = YES;
				CODE_SIGN_STYLE = Automatic;
				CURRENT_PROJECT_VERSION = 1;
				DEVELOPMENT_TEAM = E7DB2AD65D;
				GENERATE_INFOPLIST_FILE = YES;
				MARKETING_VERSION = 1.0;
				PRODUCT_BUNDLE_IDENTIFIER = jsphglmr.CmmdrBttryUITests;
				PRODUCT_NAME = "$(TARGET_NAME)";
				SWIFT_EMIT_LOC_STRINGS = NO;
				SWIFT_VERSION = 5.0;
				TARGETED_DEVICE_FAMILY = "1,2";
				TEST_TARGET_NAME = CmmdrBttry;
			};
			name = Debug;
		};
		EBBA371E2BFAAE520018B9A5 /* Release */ = {
			isa = XCBuildConfiguration;
			buildSettings = {
				ALWAYS_EMBED_SWIFT_STANDARD_LIBRARIES = YES;
				CODE_SIGN_STYLE = Automatic;
				CURRENT_PROJECT_VERSION = 1;
				DEVELOPMENT_TEAM = E7DB2AD65D;
				GENERATE_INFOPLIST_FILE = YES;
				MARKETING_VERSION = 1.0;
				PRODUCT_BUNDLE_IDENTIFIER = jsphglmr.CmmdrBttryUITests;
				PRODUCT_NAME = "$(TARGET_NAME)";
				SWIFT_EMIT_LOC_STRINGS = NO;
				SWIFT_VERSION = 5.0;
				TARGETED_DEVICE_FAMILY = "1,2";
				TEST_TARGET_NAME = CmmdrBttry;
			};
			name = Release;
		};
/* End XCBuildConfiguration section */

/* Begin XCConfigurationList section */
		EBBA36EB2BFAAE510018B9A5 /* Build configuration list for PBXProject "CmmdrBttry" */ = {
			isa = XCConfigurationList;
			buildConfigurations = (
				EBBA37142BFAAE520018B9A5 /* Debug */,
				EBBA37152BFAAE520018B9A5 /* Release */,
			);
			defaultConfigurationIsVisible = 0;
			defaultConfigurationName = Release;
		};
		EBBA37162BFAAE520018B9A5 /* Build configuration list for PBXNativeTarget "CmmdrBttry" */ = {
			isa = XCConfigurationList;
			buildConfigurations = (
				EBBA37172BFAAE520018B9A5 /* Debug */,
				EBBA37182BFAAE520018B9A5 /* Release */,
			);
			defaultConfigurationIsVisible = 0;
			defaultConfigurationName = Release;
		};
		EBBA37192BFAAE520018B9A5 /* Build configuration list for PBXNativeTarget "CmmdrBttryTests" */ = {
			isa = XCConfigurationList;
			buildConfigurations = (
				EBBA371A2BFAAE520018B9A5 /* Debug */,
				EBBA371B2BFAAE520018B9A5 /* Release */,
			);
			defaultConfigurationIsVisible = 0;
			defaultConfigurationName = Release;
		};
		EBBA371C2BFAAE520018B9A5 /* Build configuration list for PBXNativeTarget "CmmdrBttryUITests" */ = {
			isa = XCConfigurationList;
			buildConfigurations = (
				EBBA371D2BFAAE520018B9A5 /* Debug */,
				EBBA371E2BFAAE520018B9A5 /* Release */,
			);
			defaultConfigurationIsVisible = 0;
			defaultConfigurationName = Release;
		};
/* End XCConfigurationList section */
	};
	rootObject = EBBA36E82BFAAE510018B9A5 /* Project object */;
}
